
Microsoft Visual Studio Solution File, Format Version 12.00
# Visual Studio Version 17
VisualStudioVersion = 17.5.001.0
MinimumVisualStudioVersion = 10.0.40219.1
Project("{9A19103F-16F7-4668-BE54-9A1E7A4F7556}") = "WriteFluencyApi", "WriteFluencyApi.csproj", "{669FB284-DABE-4AB0-A054-9043BC52414B}"
EndProject
Global
	GlobalSection(SolutionConfigurationPlatforms) = preSolution
		Debug|Any CPU = Debug|Any CPU
		Release|Any CPU = Release|Any CPU
	EndGlobalSection
	GlobalSection(ProjectConfigurationPlatforms) = postSolution
		{669FB284-DABE-4AB0-A054-9043BC52414B}.Debug|Any CPU.ActiveCfg = Debug|Any CPU
		{669FB284-DABE-4AB0-A054-9043BC52414B}.Debug|Any CPU.Build.0 = Debug|Any CPU
		{669FB284-DABE-4AB0-A054-9043BC52414B}.Release|Any CPU.ActiveCfg = Release|Any CPU
		{669FB284-DABE-4AB0-A054-9043BC52414B}.Release|Any CPU.Build.0 = Release|Any CPU
	EndGlobalSection
	GlobalSection(SolutionProperties) = preSolution
		HideSolutionNode = FALSE
	EndGlobalSection
	GlobalSection(ExtensibilityGlobals) = postSolution
		SolutionGuid = {5CA9B147-57A9-4C09-8164-A29218B25071}
	EndGlobalSection
EndGlobal
