
Microsoft Visual Studio Solution File, Format Version 12.00
# Visual Studio Version 17
VisualStudioVersion = 17.0.31903.59
MinimumVisualStudioVersion = 10.0.40219.1
Project("{2150E333-8FDC-42A3-9474-1A3956D46DE8}") = "src", "src", "{827E0CD3-B72D-47B6-A68D-7590B98EB39B}"
EndProject
Project("{FAE04EC0-301F-11D3-BF4B-00C04F79EFBC}") = "WriteFluency.Application", "src\WriteFluency.Application\WriteFluency.Application.csproj", "{85064FE3-023F-4EEE-BE6B-0F1134EBE29E}"
EndProject
Project("{FAE04EC0-301F-11D3-BF4B-00C04F79EFBC}") = "WriteFluency.Application.Contracts", "src\WriteFluency.Application.Contracts\WriteFluency.Application.Contracts.csproj", "{47309004-DB08-49CD-A3A9-F760A7A1D919}"
EndProject
Project("{FAE04EC0-301F-11D3-BF4B-00C04F79EFBC}") = "WriteFluency.Domain", "src\WriteFluency.Domain\WriteFluency.Domain.csproj", "{94AF57FB-1203-418D-9EC8-B66CA713D868}"
EndProject
Project("{FAE04EC0-301F-11D3-BF4B-00C04F79EFBC}") = "WriteFluency.Infrastructure", "src\WriteFluency.Infrastructure\WriteFluency.Infrastructure.csproj", "{08533181-961A-4375-8910-3CD860A59530}"
EndProject
Project("{FAE04EC0-301F-11D3-BF4B-00C04F79EFBC}") = "WriteFluency.NewsWorker", "src\WriteFluency.NewsWorker\WriteFluency.NewsWorker.csproj", "{09FFDFD3-C7B9-4DAE-B1B9-5FC5A88B2E27}"
EndProject
Project("{FAE04EC0-301F-11D3-BF4B-00C04F79EFBC}") = "WriteFluency.Shared", "src\WriteFluency.Shared\WriteFluency.Shared.csproj", "{358B080E-3412-4871-8F9A-AEE738DD68CB}"
EndProject
Project("{FAE04EC0-301F-11D3-BF4B-00C04F79EFBC}") = "WriteFluency.WebApi", "src\WriteFluency.WebApi\WriteFluency.WebApi.csproj", "{69A20273-5383-41B2-A1E8-16B577045129}"
EndProject
Project("{2150E333-8FDC-42A3-9474-1A3956D46DE8}") = "tests", "tests", "{0AB3BF05-4346-4AA6-1389-037BE0695223}"
EndProject
Project("{FAE04EC0-301F-11D3-BF4B-00C04F79EFBC}") = "WriteFluency.Infrastructure.Tests", "tests\WriteFluency.Infrastructure.Tests\WriteFluency.Infrastructure.Tests.csproj", "{9E8167DC-D95F-49E5-8BC5-651A0E7428A8}"
EndProject
Project("{FAE04EC0-301F-11D3-BF4B-00C04F79EFBC}") = "WriteFluency.Application.Tests", "tests\WriteFluency.Application.Tests\WriteFluency.Application.Tests.csproj", "{7F573A62-65EE-446D-8EBD-A9B57407A807}"
EndProject
Global
	GlobalSection(SolutionConfigurationPlatforms) = preSolution
		Debug|Any CPU = Debug|Any CPU
		Debug|x64 = Debug|x64
		Debug|x86 = Debug|x86
		Release|Any CPU = Release|Any CPU
		Release|x64 = Release|x64
		Release|x86 = Release|x86
	EndGlobalSection
	GlobalSection(ProjectConfigurationPlatforms) = postSolution
		{85064FE3-023F-4EEE-BE6B-0F1134EBE29E}.Debug|Any CPU.ActiveCfg = Debug|Any CPU
		{85064FE3-023F-4EEE-BE6B-0F1134EBE29E}.Debug|Any CPU.Build.0 = Debug|Any CPU
		{85064FE3-023F-4EEE-BE6B-0F1134EBE29E}.Debug|x64.ActiveCfg = Debug|Any CPU
		{85064FE3-023F-4EEE-BE6B-0F1134EBE29E}.Debug|x64.Build.0 = Debug|Any CPU
		{85064FE3-023F-4EEE-BE6B-0F1134EBE29E}.Debug|x86.ActiveCfg = Debug|Any CPU
		{85064FE3-023F-4EEE-BE6B-0F1134EBE29E}.Debug|x86.Build.0 = Debug|Any CPU
		{85064FE3-023F-4EEE-BE6B-0F1134EBE29E}.Release|Any CPU.ActiveCfg = Release|Any CPU
		{85064FE3-023F-4EEE-BE6B-0F1134EBE29E}.Release|Any CPU.Build.0 = Release|Any CPU
		{85064FE3-023F-4EEE-BE6B-0F1134EBE29E}.Release|x64.ActiveCfg = Release|Any CPU
		{85064FE3-023F-4EEE-BE6B-0F1134EBE29E}.Release|x64.Build.0 = Release|Any CPU
		{85064FE3-023F-4EEE-BE6B-0F1134EBE29E}.Release|x86.ActiveCfg = Release|Any CPU
		{85064FE3-023F-4EEE-BE6B-0F1134EBE29E}.Release|x86.Build.0 = Release|Any CPU
		{47309004-DB08-49CD-A3A9-F760A7A1D919}.Debug|Any CPU.ActiveCfg = Debug|Any CPU
		{47309004-DB08-49CD-A3A9-F760A7A1D919}.Debug|Any CPU.Build.0 = Debug|Any CPU
		{47309004-DB08-49CD-A3A9-F760A7A1D919}.Debug|x64.ActiveCfg = Debug|Any CPU
		{47309004-DB08-49CD-A3A9-F760A7A1D919}.Debug|x64.Build.0 = Debug|Any CPU
		{47309004-DB08-49CD-A3A9-F760A7A1D919}.Debug|x86.ActiveCfg = Debug|Any CPU
		{47309004-DB08-49CD-A3A9-F760A7A1D919}.Debug|x86.Build.0 = Debug|Any CPU
		{47309004-DB08-49CD-A3A9-F760A7A1D919}.Release|Any CPU.ActiveCfg = Release|Any CPU
		{47309004-DB08-49CD-A3A9-F760A7A1D919}.Release|Any CPU.Build.0 = Release|Any CPU
		{47309004-DB08-49CD-A3A9-F760A7A1D919}.Release|x64.ActiveCfg = Release|Any CPU
		{47309004-DB08-49CD-A3A9-F760A7A1D919}.Release|x64.Build.0 = Release|Any CPU
		{47309004-DB08-49CD-A3A9-F760A7A1D919}.Release|x86.ActiveCfg = Release|Any CPU
		{47309004-DB08-49CD-A3A9-F760A7A1D919}.Release|x86.Build.0 = Release|Any CPU
		{94AF57FB-1203-418D-9EC8-B66CA713D868}.Debug|Any CPU.ActiveCfg = Debug|Any CPU
		{94AF57FB-1203-418D-9EC8-B66CA713D868}.Debug|Any CPU.Build.0 = Debug|Any CPU
		{94AF57FB-1203-418D-9EC8-B66CA713D868}.Debug|x64.ActiveCfg = Debug|Any CPU
		{94AF57FB-1203-418D-9EC8-B66CA713D868}.Debug|x64.Build.0 = Debug|Any CPU
		{94AF57FB-1203-418D-9EC8-B66CA713D868}.Debug|x86.ActiveCfg = Debug|Any CPU
		{94AF57FB-1203-418D-9EC8-B66CA713D868}.Debug|x86.Build.0 = Debug|Any CPU
		{94AF57FB-1203-418D-9EC8-B66CA713D868}.Release|Any CPU.ActiveCfg = Release|Any CPU
		{94AF57FB-1203-418D-9EC8-B66CA713D868}.Release|Any CPU.Build.0 = Release|Any CPU
		{94AF57FB-1203-418D-9EC8-B66CA713D868}.Release|x64.ActiveCfg = Release|Any CPU
		{94AF57FB-1203-418D-9EC8-B66CA713D868}.Release|x64.Build.0 = Release|Any CPU
		{94AF57FB-1203-418D-9EC8-B66CA713D868}.Release|x86.ActiveCfg = Release|Any CPU
		{94AF57FB-1203-418D-9EC8-B66CA713D868}.Release|x86.Build.0 = Release|Any CPU
		{08533181-961A-4375-8910-3CD860A59530}.Debug|Any CPU.ActiveCfg = Debug|Any CPU
		{08533181-961A-4375-8910-3CD860A59530}.Debug|Any CPU.Build.0 = Debug|Any CPU
		{08533181-961A-4375-8910-3CD860A59530}.Debug|x64.ActiveCfg = Debug|Any CPU
		{08533181-961A-4375-8910-3CD860A59530}.Debug|x64.Build.0 = Debug|Any CPU
		{08533181-961A-4375-8910-3CD860A59530}.Debug|x86.ActiveCfg = Debug|Any CPU
		{08533181-961A-4375-8910-3CD860A59530}.Debug|x86.Build.0 = Debug|Any CPU
		{08533181-961A-4375-8910-3CD860A59530}.Release|Any CPU.ActiveCfg = Release|Any CPU
		{08533181-961A-4375-8910-3CD860A59530}.Release|Any CPU.Build.0 = Release|Any CPU
		{08533181-961A-4375-8910-3CD860A59530}.Release|x64.ActiveCfg = Release|Any CPU
		{08533181-961A-4375-8910-3CD860A59530}.Release|x64.Build.0 = Release|Any CPU
		{08533181-961A-4375-8910-3CD860A59530}.Release|x86.ActiveCfg = Release|Any CPU
		{08533181-961A-4375-8910-3CD860A59530}.Release|x86.Build.0 = Release|Any CPU
		{09FFDFD3-C7B9-4DAE-B1B9-5FC5A88B2E27}.Debug|Any CPU.ActiveCfg = Debug|Any CPU
		{09FFDFD3-C7B9-4DAE-B1B9-5FC5A88B2E27}.Debug|Any CPU.Build.0 = Debug|Any CPU
		{09FFDFD3-C7B9-4DAE-B1B9-5FC5A88B2E27}.Debug|x64.ActiveCfg = Debug|Any CPU
		{09FFDFD3-C7B9-4DAE-B1B9-5FC5A88B2E27}.Debug|x64.Build.0 = Debug|Any CPU
		{09FFDFD3-C7B9-4DAE-B1B9-5FC5A88B2E27}.Debug|x86.ActiveCfg = Debug|Any CPU
		{09FFDFD3-C7B9-4DAE-B1B9-5FC5A88B2E27}.Debug|x86.Build.0 = Debug|Any CPU
		{09FFDFD3-C7B9-4DAE-B1B9-5FC5A88B2E27}.Release|Any CPU.ActiveCfg = Release|Any CPU
		{09FFDFD3-C7B9-4DAE-B1B9-5FC5A88B2E27}.Release|Any CPU.Build.0 = Release|Any CPU
		{09FFDFD3-C7B9-4DAE-B1B9-5FC5A88B2E27}.Release|x64.ActiveCfg = Release|Any CPU
		{09FFDFD3-C7B9-4DAE-B1B9-5FC5A88B2E27}.Release|x64.Build.0 = Release|Any CPU
		{09FFDFD3-C7B9-4DAE-B1B9-5FC5A88B2E27}.Release|x86.ActiveCfg = Release|Any CPU
		{09FFDFD3-C7B9-4DAE-B1B9-5FC5A88B2E27}.Release|x86.Build.0 = Release|Any CPU
		{358B080E-3412-4871-8F9A-AEE738DD68CB}.Debug|Any CPU.ActiveCfg = Debug|Any CPU
		{358B080E-3412-4871-8F9A-AEE738DD68CB}.Debug|Any CPU.Build.0 = Debug|Any CPU
		{358B080E-3412-4871-8F9A-AEE738DD68CB}.Debug|x64.ActiveCfg = Debug|Any CPU
		{358B080E-3412-4871-8F9A-AEE738DD68CB}.Debug|x64.Build.0 = Debug|Any CPU
		{358B080E-3412-4871-8F9A-AEE738DD68CB}.Debug|x86.ActiveCfg = Debug|Any CPU
		{358B080E-3412-4871-8F9A-AEE738DD68CB}.Debug|x86.Build.0 = Debug|Any CPU
		{358B080E-3412-4871-8F9A-AEE738DD68CB}.Release|Any CPU.ActiveCfg = Release|Any CPU
		{358B080E-3412-4871-8F9A-AEE738DD68CB}.Release|Any CPU.Build.0 = Release|Any CPU
		{358B080E-3412-4871-8F9A-AEE738DD68CB}.Release|x64.ActiveCfg = Release|Any CPU
		{358B080E-3412-4871-8F9A-AEE738DD68CB}.Release|x64.Build.0 = Release|Any CPU
		{358B080E-3412-4871-8F9A-AEE738DD68CB}.Release|x86.ActiveCfg = Release|Any CPU
		{358B080E-3412-4871-8F9A-AEE738DD68CB}.Release|x86.Build.0 = Release|Any CPU
		{69A20273-5383-41B2-A1E8-16B577045129}.Debug|Any CPU.ActiveCfg = Debug|Any CPU
		{69A20273-5383-41B2-A1E8-16B577045129}.Debug|Any CPU.Build.0 = Debug|Any CPU
		{69A20273-5383-41B2-A1E8-16B577045129}.Debug|x64.ActiveCfg = Debug|Any CPU
		{69A20273-5383-41B2-A1E8-16B577045129}.Debug|x64.Build.0 = Debug|Any CPU
		{69A20273-5383-41B2-A1E8-16B577045129}.Debug|x86.ActiveCfg = Debug|Any CPU
		{69A20273-5383-41B2-A1E8-16B577045129}.Debug|x86.Build.0 = Debug|Any CPU
		{69A20273-5383-41B2-A1E8-16B577045129}.Release|Any CPU.ActiveCfg = Release|Any CPU
		{69A20273-5383-41B2-A1E8-16B577045129}.Release|Any CPU.Build.0 = Release|Any CPU
		{69A20273-5383-41B2-A1E8-16B577045129}.Release|x64.ActiveCfg = Release|Any CPU
		{69A20273-5383-41B2-A1E8-16B577045129}.Release|x64.Build.0 = Release|Any CPU
		{69A20273-5383-41B2-A1E8-16B577045129}.Release|x86.ActiveCfg = Release|Any CPU
		{69A20273-5383-41B2-A1E8-16B577045129}.Release|x86.Build.0 = Release|Any CPU
		{9E8167DC-D95F-49E5-8BC5-651A0E7428A8}.Debug|Any CPU.ActiveCfg = Debug|Any CPU
		{9E8167DC-D95F-49E5-8BC5-651A0E7428A8}.Debug|Any CPU.Build.0 = Debug|Any CPU
		{9E8167DC-D95F-49E5-8BC5-651A0E7428A8}.Debug|x64.ActiveCfg = Debug|Any CPU
		{9E8167DC-D95F-49E5-8BC5-651A0E7428A8}.Debug|x64.Build.0 = Debug|Any CPU
		{9E8167DC-D95F-49E5-8BC5-651A0E7428A8}.Debug|x86.ActiveCfg = Debug|Any CPU
		{9E8167DC-D95F-49E5-8BC5-651A0E7428A8}.Debug|x86.Build.0 = Debug|Any CPU
		{9E8167DC-D95F-49E5-8BC5-651A0E7428A8}.Release|Any CPU.ActiveCfg = Release|Any CPU
		{9E8167DC-D95F-49E5-8BC5-651A0E7428A8}.Release|Any CPU.Build.0 = Release|Any CPU
		{9E8167DC-D95F-49E5-8BC5-651A0E7428A8}.Release|x64.ActiveCfg = Release|Any CPU
		{9E8167DC-D95F-49E5-8BC5-651A0E7428A8}.Release|x64.Build.0 = Release|Any CPU
		{9E8167DC-D95F-49E5-8BC5-651A0E7428A8}.Release|x86.ActiveCfg = Release|Any CPU
		{9E8167DC-D95F-49E5-8BC5-651A0E7428A8}.Release|x86.Build.0 = Release|Any CPU
		{7F573A62-65EE-446D-8EBD-A9B57407A807}.Debug|Any CPU.ActiveCfg = Debug|Any CPU
		{7F573A62-65EE-446D-8EBD-A9B57407A807}.Debug|Any CPU.Build.0 = Debug|Any CPU
		{7F573A62-65EE-446D-8EBD-A9B57407A807}.Debug|x64.ActiveCfg = Debug|Any CPU
		{7F573A62-65EE-446D-8EBD-A9B57407A807}.Debug|x64.Build.0 = Debug|Any CPU
		{7F573A62-65EE-446D-8EBD-A9B57407A807}.Debug|x86.ActiveCfg = Debug|Any CPU
		{7F573A62-65EE-446D-8EBD-A9B57407A807}.Debug|x86.Build.0 = Debug|Any CPU
		{7F573A62-65EE-446D-8EBD-A9B57407A807}.Release|Any CPU.ActiveCfg = Release|Any CPU
		{7F573A62-65EE-446D-8EBD-A9B57407A807}.Release|Any CPU.Build.0 = Release|Any CPU
		{7F573A62-65EE-446D-8EBD-A9B57407A807}.Release|x64.ActiveCfg = Release|Any CPU
		{7F573A62-65EE-446D-8EBD-A9B57407A807}.Release|x64.Build.0 = Release|Any CPU
		{7F573A62-65EE-446D-8EBD-A9B57407A807}.Release|x86.ActiveCfg = Release|Any CPU
		{7F573A62-65EE-446D-8EBD-A9B57407A807}.Release|x86.Build.0 = Release|Any CPU
	EndGlobalSection
	GlobalSection(SolutionProperties) = preSolution
		HideSolutionNode = FALSE
	EndGlobalSection
	GlobalSection(NestedProjects) = preSolution
		{85064FE3-023F-4EEE-BE6B-0F1134EBE29E} = {827E0CD3-B72D-47B6-A68D-7590B98EB39B}
		{47309004-DB08-49CD-A3A9-F760A7A1D919} = {827E0CD3-B72D-47B6-A68D-7590B98EB39B}
		{94AF57FB-1203-418D-9EC8-B66CA713D868} = {827E0CD3-B72D-47B6-A68D-7590B98EB39B}
		{08533181-961A-4375-8910-3CD860A59530} = {827E0CD3-B72D-47B6-A68D-7590B98EB39B}
		{09FFDFD3-C7B9-4DAE-B1B9-5FC5A88B2E27} = {827E0CD3-B72D-47B6-A68D-7590B98EB39B}
		{358B080E-3412-4871-8F9A-AEE738DD68CB} = {827E0CD3-B72D-47B6-A68D-7590B98EB39B}
		{69A20273-5383-41B2-A1E8-16B577045129} = {827E0CD3-B72D-47B6-A68D-7590B98EB39B}
		{9E8167DC-D95F-49E5-8BC5-651A0E7428A8} = {0AB3BF05-4346-4AA6-1389-037BE0695223}
		{7F573A62-65EE-446D-8EBD-A9B57407A807} = {0AB3BF05-4346-4AA6-1389-037BE0695223}
	EndGlobalSection
EndGlobal
