
Microsoft Visual Studio Solution File, Format Version 12.00
# Visual Studio Version 17
VisualStudioVersion = 17.0.31903.59
MinimumVisualStudioVersion = 10.0.40219.1
Project("{2150E333-8FDC-42A3-9474-1A3956D46DE8}") = "src", "src", "{827E0CD3-B72D-47B6-A68D-7590B98EB39B}"
EndProject
Project("{2150E333-8FDC-42A3-9474-1A3956D46DE8}") = "tests", "tests", "{0AB3BF05-4346-4AA6-1389-037BE0695223}"
EndProject
Project("{FAE04EC0-301F-11D3-BF4B-00C04F79EFBC}") = "WriteFluency.Infrastructure.Tests", "tests\WriteFluency.Infrastructure.Tests\WriteFluency.Infrastructure.Tests.csproj", "{9E8167DC-D95F-49E5-8BC5-651A0E7428A8}"
EndProject
Project("{FAE04EC0-301F-11D3-BF4B-00C04F79EFBC}") = "WriteFluency.Application.Tests", "tests\WriteFluency.Application.Tests\WriteFluency.Application.Tests.csproj", "{7F573A62-65EE-446D-8EBD-A9B57407A807}"
EndProject
Project("{FAE04EC0-301F-11D3-BF4B-00C04F79EFBC}") = "WriteFluency.Application", "src\propositions-service\WriteFluency.Application\WriteFluency.Application.csproj", "{D5CD90D4-4CF8-44DC-937B-2ECADE9506AD}"
EndProject
Project("{FAE04EC0-301F-11D3-BF4B-00C04F79EFBC}") = "WriteFluency.Application.Contracts", "src\propositions-service\WriteFluency.Application.Contracts\WriteFluency.Application.Contracts.csproj", "{3DF183FD-2A5A-4FEC-9E5A-57F455B0B2D1}"
EndProject
Project("{FAE04EC0-301F-11D3-BF4B-00C04F79EFBC}") = "WriteFluency.DbMigrator", "src\propositions-service\WriteFluency.DbMigrator\WriteFluency.DbMigrator.csproj", "{3E9C1E5F-FA8F-4818-A632-F4A1F72A19B9}"
EndProject
Project("{FAE04EC0-301F-11D3-BF4B-00C04F79EFBC}") = "WriteFluency.NewsWorker", "src\propositions-service\WriteFluency.NewsWorker\WriteFluency.NewsWorker.csproj", "{B56AD7C6-8DA1-46E0-8F11-C39FDD30C129}"
EndProject
Project("{FAE04EC0-301F-11D3-BF4B-00C04F79EFBC}") = "WriteFluency.WebApi", "src\propositions-service\WriteFluency.WebApi\WriteFluency.WebApi.csproj", "{C1B8DB18-A40F-4206-898F-48CAE092D409}"
EndProject
Project("{FAE04EC0-301F-11D3-BF4B-00C04F79EFBC}") = "WriteFluency.Domain", "src\propositions-service\WriteFluency.Domain\WriteFluency.Domain.csproj", "{5417AE22-794D-4316-814E-4D6CC8D21C97}"
EndProject
Project("{FAE04EC0-301F-11D3-BF4B-00C04F79EFBC}") = "WriteFluency.Infrastructure", "src\propositions-service\WriteFluency.Infrastructure\WriteFluency.Infrastructure.csproj", "{17EC2CDD-1434-4BF6-A9E1-B2942FBF7D67}"
EndProject
Project("{FAE04EC0-301F-11D3-BF4B-00C04F79EFBC}") = "WriteFluency.Shared", "src\propositions-service\WriteFluency.Shared\WriteFluency.Shared.csproj", "{A764B79A-D3BE-4153-864B-F41FD925ADEB}"
EndProject
Project("{FAE04EC0-301F-11D3-BF4B-00C04F79EFBC}") = "WriteFluency.ServiceDefaults", "src\host\WriteFluency.ServiceDefaults\WriteFluency.ServiceDefaults.csproj", "{1CAEC078-A4BB-48FC-A2AD-F94564035ABE}"
EndProject
Project("{FAE04EC0-301F-11D3-BF4B-00C04F79EFBC}") = "WriteFluency.AppHost", "src\host\WriteFluency.AppHost\WriteFluency.AppHost.csproj", "{B46DEA33-21ED-40B9-B479-1284D4460317}"
EndProject
Global
	GlobalSection(SolutionConfigurationPlatforms) = preSolution
		Debug|Any CPU = Debug|Any CPU
		Debug|x64 = Debug|x64
		Debug|x86 = Debug|x86
		Release|Any CPU = Release|Any CPU
		Release|x64 = Release|x64
		Release|x86 = Release|x86
	EndGlobalSection
	GlobalSection(ProjectConfigurationPlatforms) = postSolution
		{9E8167DC-D95F-49E5-8BC5-651A0E7428A8}.Debug|Any CPU.ActiveCfg = Debug|Any CPU
		{9E8167DC-D95F-49E5-8BC5-651A0E7428A8}.Debug|Any CPU.Build.0 = Debug|Any CPU
		{9E8167DC-D95F-49E5-8BC5-651A0E7428A8}.Debug|x64.ActiveCfg = Debug|Any CPU
		{9E8167DC-D95F-49E5-8BC5-651A0E7428A8}.Debug|x64.Build.0 = Debug|Any CPU
		{9E8167DC-D95F-49E5-8BC5-651A0E7428A8}.Debug|x86.ActiveCfg = Debug|Any CPU
		{9E8167DC-D95F-49E5-8BC5-651A0E7428A8}.Debug|x86.Build.0 = Debug|Any CPU
		{9E8167DC-D95F-49E5-8BC5-651A0E7428A8}.Release|Any CPU.ActiveCfg = Release|Any CPU
		{9E8167DC-D95F-49E5-8BC5-651A0E7428A8}.Release|Any CPU.Build.0 = Release|Any CPU
		{9E8167DC-D95F-49E5-8BC5-651A0E7428A8}.Release|x64.ActiveCfg = Release|Any CPU
		{9E8167DC-D95F-49E5-8BC5-651A0E7428A8}.Release|x64.Build.0 = Release|Any CPU
		{9E8167DC-D95F-49E5-8BC5-651A0E7428A8}.Release|x86.ActiveCfg = Release|Any CPU
		{9E8167DC-D95F-49E5-8BC5-651A0E7428A8}.Release|x86.Build.0 = Release|Any CPU
		{7F573A62-65EE-446D-8EBD-A9B57407A807}.Debug|Any CPU.ActiveCfg = Debug|Any CPU
		{7F573A62-65EE-446D-8EBD-A9B57407A807}.Debug|Any CPU.Build.0 = Debug|Any CPU
		{7F573A62-65EE-446D-8EBD-A9B57407A807}.Debug|x64.ActiveCfg = Debug|Any CPU
		{7F573A62-65EE-446D-8EBD-A9B57407A807}.Debug|x64.Build.0 = Debug|Any CPU
		{7F573A62-65EE-446D-8EBD-A9B57407A807}.Debug|x86.ActiveCfg = Debug|Any CPU
		{7F573A62-65EE-446D-8EBD-A9B57407A807}.Debug|x86.Build.0 = Debug|Any CPU
		{7F573A62-65EE-446D-8EBD-A9B57407A807}.Release|Any CPU.ActiveCfg = Release|Any CPU
		{7F573A62-65EE-446D-8EBD-A9B57407A807}.Release|Any CPU.Build.0 = Release|Any CPU
		{7F573A62-65EE-446D-8EBD-A9B57407A807}.Release|x64.ActiveCfg = Release|Any CPU
		{7F573A62-65EE-446D-8EBD-A9B57407A807}.Release|x64.Build.0 = Release|Any CPU
		{7F573A62-65EE-446D-8EBD-A9B57407A807}.Release|x86.ActiveCfg = Release|Any CPU
		{7F573A62-65EE-446D-8EBD-A9B57407A807}.Release|x86.Build.0 = Release|Any CPU
		{D5CD90D4-4CF8-44DC-937B-2ECADE9506AD}.Debug|Any CPU.ActiveCfg = Debug|Any CPU
		{D5CD90D4-4CF8-44DC-937B-2ECADE9506AD}.Debug|Any CPU.Build.0 = Debug|Any CPU
		{D5CD90D4-4CF8-44DC-937B-2ECADE9506AD}.Debug|x64.ActiveCfg = Debug|Any CPU
		{D5CD90D4-4CF8-44DC-937B-2ECADE9506AD}.Debug|x64.Build.0 = Debug|Any CPU
		{D5CD90D4-4CF8-44DC-937B-2ECADE9506AD}.Debug|x86.ActiveCfg = Debug|Any CPU
		{D5CD90D4-4CF8-44DC-937B-2ECADE9506AD}.Debug|x86.Build.0 = Debug|Any CPU
		{D5CD90D4-4CF8-44DC-937B-2ECADE9506AD}.Release|Any CPU.ActiveCfg = Release|Any CPU
		{D5CD90D4-4CF8-44DC-937B-2ECADE9506AD}.Release|Any CPU.Build.0 = Release|Any CPU
		{D5CD90D4-4CF8-44DC-937B-2ECADE9506AD}.Release|x64.ActiveCfg = Release|Any CPU
		{D5CD90D4-4CF8-44DC-937B-2ECADE9506AD}.Release|x64.Build.0 = Release|Any CPU
		{D5CD90D4-4CF8-44DC-937B-2ECADE9506AD}.Release|x86.ActiveCfg = Release|Any CPU
		{D5CD90D4-4CF8-44DC-937B-2ECADE9506AD}.Release|x86.Build.0 = Release|Any CPU
		{3DF183FD-2A5A-4FEC-9E5A-57F455B0B2D1}.Debug|Any CPU.ActiveCfg = Debug|Any CPU
		{3DF183FD-2A5A-4FEC-9E5A-57F455B0B2D1}.Debug|Any CPU.Build.0 = Debug|Any CPU
		{3DF183FD-2A5A-4FEC-9E5A-57F455B0B2D1}.Debug|x64.ActiveCfg = Debug|Any CPU
		{3DF183FD-2A5A-4FEC-9E5A-57F455B0B2D1}.Debug|x64.Build.0 = Debug|Any CPU
		{3DF183FD-2A5A-4FEC-9E5A-57F455B0B2D1}.Debug|x86.ActiveCfg = Debug|Any CPU
		{3DF183FD-2A5A-4FEC-9E5A-57F455B0B2D1}.Debug|x86.Build.0 = Debug|Any CPU
		{3DF183FD-2A5A-4FEC-9E5A-57F455B0B2D1}.Release|Any CPU.ActiveCfg = Release|Any CPU
		{3DF183FD-2A5A-4FEC-9E5A-57F455B0B2D1}.Release|Any CPU.Build.0 = Release|Any CPU
		{3DF183FD-2A5A-4FEC-9E5A-57F455B0B2D1}.Release|x64.ActiveCfg = Release|Any CPU
		{3DF183FD-2A5A-4FEC-9E5A-57F455B0B2D1}.Release|x64.Build.0 = Release|Any CPU
		{3DF183FD-2A5A-4FEC-9E5A-57F455B0B2D1}.Release|x86.ActiveCfg = Release|Any CPU
		{3DF183FD-2A5A-4FEC-9E5A-57F455B0B2D1}.Release|x86.Build.0 = Release|Any CPU
		{3E9C1E5F-FA8F-4818-A632-F4A1F72A19B9}.Debug|Any CPU.ActiveCfg = Debug|Any CPU
		{3E9C1E5F-FA8F-4818-A632-F4A1F72A19B9}.Debug|Any CPU.Build.0 = Debug|Any CPU
		{3E9C1E5F-FA8F-4818-A632-F4A1F72A19B9}.Debug|x64.ActiveCfg = Debug|Any CPU
		{3E9C1E5F-FA8F-4818-A632-F4A1F72A19B9}.Debug|x64.Build.0 = Debug|Any CPU
		{3E9C1E5F-FA8F-4818-A632-F4A1F72A19B9}.Debug|x86.ActiveCfg = Debug|Any CPU
		{3E9C1E5F-FA8F-4818-A632-F4A1F72A19B9}.Debug|x86.Build.0 = Debug|Any CPU
		{3E9C1E5F-FA8F-4818-A632-F4A1F72A19B9}.Release|Any CPU.ActiveCfg = Release|Any CPU
		{3E9C1E5F-FA8F-4818-A632-F4A1F72A19B9}.Release|Any CPU.Build.0 = Release|Any CPU
		{3E9C1E5F-FA8F-4818-A632-F4A1F72A19B9}.Release|x64.ActiveCfg = Release|Any CPU
		{3E9C1E5F-FA8F-4818-A632-F4A1F72A19B9}.Release|x64.Build.0 = Release|Any CPU
		{3E9C1E5F-FA8F-4818-A632-F4A1F72A19B9}.Release|x86.ActiveCfg = Release|Any CPU
		{3E9C1E5F-FA8F-4818-A632-F4A1F72A19B9}.Release|x86.Build.0 = Release|Any CPU
		{B56AD7C6-8DA1-46E0-8F11-C39FDD30C129}.Debug|Any CPU.ActiveCfg = Debug|Any CPU
		{B56AD7C6-8DA1-46E0-8F11-C39FDD30C129}.Debug|Any CPU.Build.0 = Debug|Any CPU
		{B56AD7C6-8DA1-46E0-8F11-C39FDD30C129}.Debug|x64.ActiveCfg = Debug|Any CPU
		{B56AD7C6-8DA1-46E0-8F11-C39FDD30C129}.Debug|x64.Build.0 = Debug|Any CPU
		{B56AD7C6-8DA1-46E0-8F11-C39FDD30C129}.Debug|x86.ActiveCfg = Debug|Any CPU
		{B56AD7C6-8DA1-46E0-8F11-C39FDD30C129}.Debug|x86.Build.0 = Debug|Any CPU
		{B56AD7C6-8DA1-46E0-8F11-C39FDD30C129}.Release|Any CPU.ActiveCfg = Release|Any CPU
		{B56AD7C6-8DA1-46E0-8F11-C39FDD30C129}.Release|Any CPU.Build.0 = Release|Any CPU
		{B56AD7C6-8DA1-46E0-8F11-C39FDD30C129}.Release|x64.ActiveCfg = Release|Any CPU
		{B56AD7C6-8DA1-46E0-8F11-C39FDD30C129}.Release|x64.Build.0 = Release|Any CPU
		{B56AD7C6-8DA1-46E0-8F11-C39FDD30C129}.Release|x86.ActiveCfg = Release|Any CPU
		{B56AD7C6-8DA1-46E0-8F11-C39FDD30C129}.Release|x86.Build.0 = Release|Any CPU
		{C1B8DB18-A40F-4206-898F-48CAE092D409}.Debug|Any CPU.ActiveCfg = Debug|Any CPU
		{C1B8DB18-A40F-4206-898F-48CAE092D409}.Debug|Any CPU.Build.0 = Debug|Any CPU
		{C1B8DB18-A40F-4206-898F-48CAE092D409}.Debug|x64.ActiveCfg = Debug|Any CPU
		{C1B8DB18-A40F-4206-898F-48CAE092D409}.Debug|x64.Build.0 = Debug|Any CPU
		{C1B8DB18-A40F-4206-898F-48CAE092D409}.Debug|x86.ActiveCfg = Debug|Any CPU
		{C1B8DB18-A40F-4206-898F-48CAE092D409}.Debug|x86.Build.0 = Debug|Any CPU
		{C1B8DB18-A40F-4206-898F-48CAE092D409}.Release|Any CPU.ActiveCfg = Release|Any CPU
		{C1B8DB18-A40F-4206-898F-48CAE092D409}.Release|Any CPU.Build.0 = Release|Any CPU
		{C1B8DB18-A40F-4206-898F-48CAE092D409}.Release|x64.ActiveCfg = Release|Any CPU
		{C1B8DB18-A40F-4206-898F-48CAE092D409}.Release|x64.Build.0 = Release|Any CPU
		{C1B8DB18-A40F-4206-898F-48CAE092D409}.Release|x86.ActiveCfg = Release|Any CPU
		{C1B8DB18-A40F-4206-898F-48CAE092D409}.Release|x86.Build.0 = Release|Any CPU
		{5417AE22-794D-4316-814E-4D6CC8D21C97}.Debug|Any CPU.ActiveCfg = Debug|Any CPU
		{5417AE22-794D-4316-814E-4D6CC8D21C97}.Debug|Any CPU.Build.0 = Debug|Any CPU
		{5417AE22-794D-4316-814E-4D6CC8D21C97}.Debug|x64.ActiveCfg = Debug|Any CPU
		{5417AE22-794D-4316-814E-4D6CC8D21C97}.Debug|x64.Build.0 = Debug|Any CPU
		{5417AE22-794D-4316-814E-4D6CC8D21C97}.Debug|x86.ActiveCfg = Debug|Any CPU
		{5417AE22-794D-4316-814E-4D6CC8D21C97}.Debug|x86.Build.0 = Debug|Any CPU
		{5417AE22-794D-4316-814E-4D6CC8D21C97}.Release|Any CPU.ActiveCfg = Release|Any CPU
		{5417AE22-794D-4316-814E-4D6CC8D21C97}.Release|Any CPU.Build.0 = Release|Any CPU
		{5417AE22-794D-4316-814E-4D6CC8D21C97}.Release|x64.ActiveCfg = Release|Any CPU
		{5417AE22-794D-4316-814E-4D6CC8D21C97}.Release|x64.Build.0 = Release|Any CPU
		{5417AE22-794D-4316-814E-4D6CC8D21C97}.Release|x86.ActiveCfg = Release|Any CPU
		{5417AE22-794D-4316-814E-4D6CC8D21C97}.Release|x86.Build.0 = Release|Any CPU
		{17EC2CDD-1434-4BF6-A9E1-B2942FBF7D67}.Debug|Any CPU.ActiveCfg = Debug|Any CPU
		{17EC2CDD-1434-4BF6-A9E1-B2942FBF7D67}.Debug|Any CPU.Build.0 = Debug|Any CPU
		{17EC2CDD-1434-4BF6-A9E1-B2942FBF7D67}.Debug|x64.ActiveCfg = Debug|Any CPU
		{17EC2CDD-1434-4BF6-A9E1-B2942FBF7D67}.Debug|x64.Build.0 = Debug|Any CPU
		{17EC2CDD-1434-4BF6-A9E1-B2942FBF7D67}.Debug|x86.ActiveCfg = Debug|Any CPU
		{17EC2CDD-1434-4BF6-A9E1-B2942FBF7D67}.Debug|x86.Build.0 = Debug|Any CPU
		{17EC2CDD-1434-4BF6-A9E1-B2942FBF7D67}.Release|Any CPU.ActiveCfg = Release|Any CPU
		{17EC2CDD-1434-4BF6-A9E1-B2942FBF7D67}.Release|Any CPU.Build.0 = Release|Any CPU
		{17EC2CDD-1434-4BF6-A9E1-B2942FBF7D67}.Release|x64.ActiveCfg = Release|Any CPU
		{17EC2CDD-1434-4BF6-A9E1-B2942FBF7D67}.Release|x64.Build.0 = Release|Any CPU
		{17EC2CDD-1434-4BF6-A9E1-B2942FBF7D67}.Release|x86.ActiveCfg = Release|Any CPU
		{17EC2CDD-1434-4BF6-A9E1-B2942FBF7D67}.Release|x86.Build.0 = Release|Any CPU
		{A764B79A-D3BE-4153-864B-F41FD925ADEB}.Debug|Any CPU.ActiveCfg = Debug|Any CPU
		{A764B79A-D3BE-4153-864B-F41FD925ADEB}.Debug|Any CPU.Build.0 = Debug|Any CPU
		{A764B79A-D3BE-4153-864B-F41FD925ADEB}.Debug|x64.ActiveCfg = Debug|Any CPU
		{A764B79A-D3BE-4153-864B-F41FD925ADEB}.Debug|x64.Build.0 = Debug|Any CPU
		{A764B79A-D3BE-4153-864B-F41FD925ADEB}.Debug|x86.ActiveCfg = Debug|Any CPU
		{A764B79A-D3BE-4153-864B-F41FD925ADEB}.Debug|x86.Build.0 = Debug|Any CPU
		{A764B79A-D3BE-4153-864B-F41FD925ADEB}.Release|Any CPU.ActiveCfg = Release|Any CPU
		{A764B79A-D3BE-4153-864B-F41FD925ADEB}.Release|Any CPU.Build.0 = Release|Any CPU
		{A764B79A-D3BE-4153-864B-F41FD925ADEB}.Release|x64.ActiveCfg = Release|Any CPU
		{A764B79A-D3BE-4153-864B-F41FD925ADEB}.Release|x64.Build.0 = Release|Any CPU
		{A764B79A-D3BE-4153-864B-F41FD925ADEB}.Release|x86.ActiveCfg = Release|Any CPU
		{A764B79A-D3BE-4153-864B-F41FD925ADEB}.Release|x86.Build.0 = Release|Any CPU
		{1CAEC078-A4BB-48FC-A2AD-F94564035ABE}.Debug|Any CPU.ActiveCfg = Debug|Any CPU
		{1CAEC078-A4BB-48FC-A2AD-F94564035ABE}.Debug|Any CPU.Build.0 = Debug|Any CPU
		{1CAEC078-A4BB-48FC-A2AD-F94564035ABE}.Debug|x64.ActiveCfg = Debug|Any CPU
		{1CAEC078-A4BB-48FC-A2AD-F94564035ABE}.Debug|x64.Build.0 = Debug|Any CPU
		{1CAEC078-A4BB-48FC-A2AD-F94564035ABE}.Debug|x86.ActiveCfg = Debug|Any CPU
		{1CAEC078-A4BB-48FC-A2AD-F94564035ABE}.Debug|x86.Build.0 = Debug|Any CPU
		{1CAEC078-A4BB-48FC-A2AD-F94564035ABE}.Release|Any CPU.ActiveCfg = Release|Any CPU
		{1CAEC078-A4BB-48FC-A2AD-F94564035ABE}.Release|Any CPU.Build.0 = Release|Any CPU
		{1CAEC078-A4BB-48FC-A2AD-F94564035ABE}.Release|x64.ActiveCfg = Release|Any CPU
		{1CAEC078-A4BB-48FC-A2AD-F94564035ABE}.Release|x64.Build.0 = Release|Any CPU
		{1CAEC078-A4BB-48FC-A2AD-F94564035ABE}.Release|x86.ActiveCfg = Release|Any CPU
		{1CAEC078-A4BB-48FC-A2AD-F94564035ABE}.Release|x86.Build.0 = Release|Any CPU
		{B46DEA33-21ED-40B9-B479-1284D4460317}.Debug|Any CPU.ActiveCfg = Debug|Any CPU
		{B46DEA33-21ED-40B9-B479-1284D4460317}.Debug|Any CPU.Build.0 = Debug|Any CPU
		{B46DEA33-21ED-40B9-B479-1284D4460317}.Debug|x64.ActiveCfg = Debug|Any CPU
		{B46DEA33-21ED-40B9-B479-1284D4460317}.Debug|x64.Build.0 = Debug|Any CPU
		{B46DEA33-21ED-40B9-B479-1284D4460317}.Debug|x86.ActiveCfg = Debug|Any CPU
		{B46DEA33-21ED-40B9-B479-1284D4460317}.Debug|x86.Build.0 = Debug|Any CPU
		{B46DEA33-21ED-40B9-B479-1284D4460317}.Release|Any CPU.ActiveCfg = Release|Any CPU
		{B46DEA33-21ED-40B9-B479-1284D4460317}.Release|Any CPU.Build.0 = Release|Any CPU
		{B46DEA33-21ED-40B9-B479-1284D4460317}.Release|x64.ActiveCfg = Release|Any CPU
		{B46DEA33-21ED-40B9-B479-1284D4460317}.Release|x64.Build.0 = Release|Any CPU
		{B46DEA33-21ED-40B9-B479-1284D4460317}.Release|x86.ActiveCfg = Release|Any CPU
		{B46DEA33-21ED-40B9-B479-1284D4460317}.Release|x86.Build.0 = Release|Any CPU
	EndGlobalSection
	GlobalSection(SolutionProperties) = preSolution
		HideSolutionNode = FALSE
	EndGlobalSection
	GlobalSection(NestedProjects) = preSolution
		{9E8167DC-D95F-49E5-8BC5-651A0E7428A8} = {0AB3BF05-4346-4AA6-1389-037BE0695223}
		{7F573A62-65EE-446D-8EBD-A9B57407A807} = {0AB3BF05-4346-4AA6-1389-037BE0695223}
		{D5CD90D4-4CF8-44DC-937B-2ECADE9506AD} = {827E0CD3-B72D-47B6-A68D-7590B98EB39B}
		{3DF183FD-2A5A-4FEC-9E5A-57F455B0B2D1} = {827E0CD3-B72D-47B6-A68D-7590B98EB39B}
		{3E9C1E5F-FA8F-4818-A632-F4A1F72A19B9} = {827E0CD3-B72D-47B6-A68D-7590B98EB39B}
		{B56AD7C6-8DA1-46E0-8F11-C39FDD30C129} = {827E0CD3-B72D-47B6-A68D-7590B98EB39B}
		{C1B8DB18-A40F-4206-898F-48CAE092D409} = {827E0CD3-B72D-47B6-A68D-7590B98EB39B}
		{5417AE22-794D-4316-814E-4D6CC8D21C97} = {827E0CD3-B72D-47B6-A68D-7590B98EB39B}
		{17EC2CDD-1434-4BF6-A9E1-B2942FBF7D67} = {827E0CD3-B72D-47B6-A68D-7590B98EB39B}
		{A764B79A-D3BE-4153-864B-F41FD925ADEB} = {827E0CD3-B72D-47B6-A68D-7590B98EB39B}
		{1CAEC078-A4BB-48FC-A2AD-F94564035ABE} = {827E0CD3-B72D-47B6-A68D-7590B98EB39B}
		{B46DEA33-21ED-40B9-B479-1284D4460317} = {827E0CD3-B72D-47B6-A68D-7590B98EB39B}
	EndGlobalSection
EndGlobal
