
Microsoft Visual Studio Solution File, Format Version 12.00
# Visual Studio Version 17
VisualStudioVersion = 17.0.31903.59
MinimumVisualStudioVersion = 10.0.40219.1
Project("{2150E333-8FDC-42A3-9474-1A3956D46DE8}") = "src", "src", "{827E0CD3-B72D-47B6-A68D-7590B98EB39B}"
EndProject
Project("{2150E333-8FDC-42A3-9474-1A3956D46DE8}") = "host", "host", "{981C2CF6-E5BB-602A-511C-234B538302B0}"
EndProject
Project("{FAE04EC0-301F-11D3-BF4B-00C04F79EFBC}") = "WriteFluency.AppHost", "src\host\WriteFluency.AppHost\WriteFluency.AppHost.csproj", "{10039E8F-A77B-49AA-AFD4-4D9924C98D11}"
EndProject
Project("{FAE04EC0-301F-11D3-BF4B-00C04F79EFBC}") = "WriteFluency.ServiceDefaults", "src\host\WriteFluency.ServiceDefaults\WriteFluency.ServiceDefaults.csproj", "{11DBD7C6-BDF5-4253-9B02-615752D3EAC9}"
EndProject
Project("{2150E333-8FDC-42A3-9474-1A3956D46DE8}") = "propositions-service", "propositions-service", "{1D7DB290-010C-D4C6-704A-0A67A90B49F3}"
EndProject
Project("{FAE04EC0-301F-11D3-BF4B-00C04F79EFBC}") = "WriteFluency.Application.Contracts", "src\propositions-service\WriteFluency.Application.Contracts\WriteFluency.Application.Contracts.csproj", "{00A3767A-EC33-4752-AF3C-E607D53D2591}"
EndProject
Project("{FAE04EC0-301F-11D3-BF4B-00C04F79EFBC}") = "WriteFluency.Application", "src\propositions-service\WriteFluency.Application\WriteFluency.Application.csproj", "{FC49A54C-CC53-469C-934A-A93958CECA04}"
EndProject
Project("{FAE04EC0-301F-11D3-BF4B-00C04F79EFBC}") = "WriteFluency.DbMigrator", "src\propositions-service\WriteFluency.DbMigrator\WriteFluency.DbMigrator.csproj", "{8EE09A50-E0FD-43C7-901C-F45F9A282C4F}"
EndProject
Project("{FAE04EC0-301F-11D3-BF4B-00C04F79EFBC}") = "WriteFluency.Domain", "src\propositions-service\WriteFluency.Domain\WriteFluency.Domain.csproj", "{79348CC6-870B-45D7-B396-898D43259A88}"
EndProject
Project("{FAE04EC0-301F-11D3-BF4B-00C04F79EFBC}") = "WriteFluency.Infrastructure", "src\propositions-service\WriteFluency.Infrastructure\WriteFluency.Infrastructure.csproj", "{592B8937-21D8-4AE6-8997-86F067AA40D7}"
EndProject
Project("{FAE04EC0-301F-11D3-BF4B-00C04F79EFBC}") = "WriteFluency.NewsWorker", "src\propositions-service\WriteFluency.NewsWorker\WriteFluency.NewsWorker.csproj", "{D3490AD9-D849-4C1A-A49B-7EB20368C8F9}"
EndProject
Project("{FAE04EC0-301F-11D3-BF4B-00C04F79EFBC}") = "WriteFluency.Shared", "src\propositions-service\WriteFluency.Shared\WriteFluency.Shared.csproj", "{CBBA7FBB-4563-4E71-926A-3D92907F82E8}"
EndProject
Project("{FAE04EC0-301F-11D3-BF4B-00C04F79EFBC}") = "WriteFluency.WebApi", "src\propositions-service\WriteFluency.WebApi\WriteFluency.WebApi.csproj", "{3AC26822-C03E-43FC-834C-9A6ACBB6B378}"
EndProject
Project("{2150E333-8FDC-42A3-9474-1A3956D46DE8}") = "users-service", "users-service", "{ABDFCEDE-61EE-DA95-EF82-3806A8CA2983}"
EndProject
Project("{2150E333-8FDC-42A3-9474-1A3956D46DE8}") = "tests", "tests", "{0AB3BF05-4346-4AA6-1389-037BE0695223}"
EndProject
Project("{2150E333-8FDC-42A3-9474-1A3956D46DE8}") = "propositions-service", "propositions-service", "{B11390B1-C489-9B8F-C9B1-D8AA5079857B}"
EndProject
Project("{FAE04EC0-301F-11D3-BF4B-00C04F79EFBC}") = "WriteFluency.Application.Tests", "tests\propositions-service\WriteFluency.Application.Tests\WriteFluency.Application.Tests.csproj", "{BA3222E9-4FC9-469B-8DDB-5BEA34E6EEA2}"
EndProject
Project("{FAE04EC0-301F-11D3-BF4B-00C04F79EFBC}") = "WriteFluency.Infrastructure.Tests", "tests\propositions-service\WriteFluency.Infrastructure.Tests\WriteFluency.Infrastructure.Tests.csproj", "{CFCA00C4-09B1-4A84-A7E8-3C793FC82F63}"
EndProject
Project("{FAE04EC0-301F-11D3-BF4B-00C04F79EFBC}") = "WriteFluency.Users.WebApi", "src\users-service\WriteFluency.Users.WebApi.csproj", "{409D3A62-6761-4305-B3E1-D9EC6384A2F2}"
EndProject
Project("{FAE04EC0-301F-11D3-BF4B-00C04F79EFBC}") = "WriteFluency.Users.DbMigrator", "src\users-service\WriteFluency.Users.DbMigrator\WriteFluency.Users.DbMigrator.csproj", "{65DD894A-D9E7-4A14-9992-A05472F30D21}"
EndProject
Global
	GlobalSection(SolutionConfigurationPlatforms) = preSolution
		Debug|Any CPU = Debug|Any CPU
		Debug|x64 = Debug|x64
		Debug|x86 = Debug|x86
		Release|Any CPU = Release|Any CPU
		Release|x64 = Release|x64
		Release|x86 = Release|x86
	EndGlobalSection
	GlobalSection(ProjectConfigurationPlatforms) = postSolution
		{10039E8F-A77B-49AA-AFD4-4D9924C98D11}.Debug|Any CPU.ActiveCfg = Debug|Any CPU
		{10039E8F-A77B-49AA-AFD4-4D9924C98D11}.Debug|Any CPU.Build.0 = Debug|Any CPU
		{10039E8F-A77B-49AA-AFD4-4D9924C98D11}.Debug|x64.ActiveCfg = Debug|Any CPU
		{10039E8F-A77B-49AA-AFD4-4D9924C98D11}.Debug|x64.Build.0 = Debug|Any CPU
		{10039E8F-A77B-49AA-AFD4-4D9924C98D11}.Debug|x86.ActiveCfg = Debug|Any CPU
		{10039E8F-A77B-49AA-AFD4-4D9924C98D11}.Debug|x86.Build.0 = Debug|Any CPU
		{10039E8F-A77B-49AA-AFD4-4D9924C98D11}.Release|Any CPU.ActiveCfg = Release|Any CPU
		{10039E8F-A77B-49AA-AFD4-4D9924C98D11}.Release|Any CPU.Build.0 = Release|Any CPU
		{10039E8F-A77B-49AA-AFD4-4D9924C98D11}.Release|x64.ActiveCfg = Release|Any CPU
		{10039E8F-A77B-49AA-AFD4-4D9924C98D11}.Release|x64.Build.0 = Release|Any CPU
		{10039E8F-A77B-49AA-AFD4-4D9924C98D11}.Release|x86.ActiveCfg = Release|Any CPU
		{10039E8F-A77B-49AA-AFD4-4D9924C98D11}.Release|x86.Build.0 = Release|Any CPU
		{11DBD7C6-BDF5-4253-9B02-615752D3EAC9}.Debug|Any CPU.ActiveCfg = Debug|Any CPU
		{11DBD7C6-BDF5-4253-9B02-615752D3EAC9}.Debug|Any CPU.Build.0 = Debug|Any CPU
		{11DBD7C6-BDF5-4253-9B02-615752D3EAC9}.Debug|x64.ActiveCfg = Debug|Any CPU
		{11DBD7C6-BDF5-4253-9B02-615752D3EAC9}.Debug|x64.Build.0 = Debug|Any CPU
		{11DBD7C6-BDF5-4253-9B02-615752D3EAC9}.Debug|x86.ActiveCfg = Debug|Any CPU
		{11DBD7C6-BDF5-4253-9B02-615752D3EAC9}.Debug|x86.Build.0 = Debug|Any CPU
		{11DBD7C6-BDF5-4253-9B02-615752D3EAC9}.Release|Any CPU.ActiveCfg = Release|Any CPU
		{11DBD7C6-BDF5-4253-9B02-615752D3EAC9}.Release|Any CPU.Build.0 = Release|Any CPU
		{11DBD7C6-BDF5-4253-9B02-615752D3EAC9}.Release|x64.ActiveCfg = Release|Any CPU
		{11DBD7C6-BDF5-4253-9B02-615752D3EAC9}.Release|x64.Build.0 = Release|Any CPU
		{11DBD7C6-BDF5-4253-9B02-615752D3EAC9}.Release|x86.ActiveCfg = Release|Any CPU
		{11DBD7C6-BDF5-4253-9B02-615752D3EAC9}.Release|x86.Build.0 = Release|Any CPU
		{00A3767A-EC33-4752-AF3C-E607D53D2591}.Debug|Any CPU.ActiveCfg = Debug|Any CPU
		{00A3767A-EC33-4752-AF3C-E607D53D2591}.Debug|Any CPU.Build.0 = Debug|Any CPU
		{00A3767A-EC33-4752-AF3C-E607D53D2591}.Debug|x64.ActiveCfg = Debug|Any CPU
		{00A3767A-EC33-4752-AF3C-E607D53D2591}.Debug|x64.Build.0 = Debug|Any CPU
		{00A3767A-EC33-4752-AF3C-E607D53D2591}.Debug|x86.ActiveCfg = Debug|Any CPU
		{00A3767A-EC33-4752-AF3C-E607D53D2591}.Debug|x86.Build.0 = Debug|Any CPU
		{00A3767A-EC33-4752-AF3C-E607D53D2591}.Release|Any CPU.ActiveCfg = Release|Any CPU
		{00A3767A-EC33-4752-AF3C-E607D53D2591}.Release|Any CPU.Build.0 = Release|Any CPU
		{00A3767A-EC33-4752-AF3C-E607D53D2591}.Release|x64.ActiveCfg = Release|Any CPU
		{00A3767A-EC33-4752-AF3C-E607D53D2591}.Release|x64.Build.0 = Release|Any CPU
		{00A3767A-EC33-4752-AF3C-E607D53D2591}.Release|x86.ActiveCfg = Release|Any CPU
		{00A3767A-EC33-4752-AF3C-E607D53D2591}.Release|x86.Build.0 = Release|Any CPU
		{FC49A54C-CC53-469C-934A-A93958CECA04}.Debug|Any CPU.ActiveCfg = Debug|Any CPU
		{FC49A54C-CC53-469C-934A-A93958CECA04}.Debug|Any CPU.Build.0 = Debug|Any CPU
		{FC49A54C-CC53-469C-934A-A93958CECA04}.Debug|x64.ActiveCfg = Debug|Any CPU
		{FC49A54C-CC53-469C-934A-A93958CECA04}.Debug|x64.Build.0 = Debug|Any CPU
		{FC49A54C-CC53-469C-934A-A93958CECA04}.Debug|x86.ActiveCfg = Debug|Any CPU
		{FC49A54C-CC53-469C-934A-A93958CECA04}.Debug|x86.Build.0 = Debug|Any CPU
		{FC49A54C-CC53-469C-934A-A93958CECA04}.Release|Any CPU.ActiveCfg = Release|Any CPU
		{FC49A54C-CC53-469C-934A-A93958CECA04}.Release|Any CPU.Build.0 = Release|Any CPU
		{FC49A54C-CC53-469C-934A-A93958CECA04}.Release|x64.ActiveCfg = Release|Any CPU
		{FC49A54C-CC53-469C-934A-A93958CECA04}.Release|x64.Build.0 = Release|Any CPU
		{FC49A54C-CC53-469C-934A-A93958CECA04}.Release|x86.ActiveCfg = Release|Any CPU
		{FC49A54C-CC53-469C-934A-A93958CECA04}.Release|x86.Build.0 = Release|Any CPU
		{8EE09A50-E0FD-43C7-901C-F45F9A282C4F}.Debug|Any CPU.ActiveCfg = Debug|Any CPU
		{8EE09A50-E0FD-43C7-901C-F45F9A282C4F}.Debug|Any CPU.Build.0 = Debug|Any CPU
		{8EE09A50-E0FD-43C7-901C-F45F9A282C4F}.Debug|x64.ActiveCfg = Debug|Any CPU
		{8EE09A50-E0FD-43C7-901C-F45F9A282C4F}.Debug|x64.Build.0 = Debug|Any CPU
		{8EE09A50-E0FD-43C7-901C-F45F9A282C4F}.Debug|x86.ActiveCfg = Debug|Any CPU
		{8EE09A50-E0FD-43C7-901C-F45F9A282C4F}.Debug|x86.Build.0 = Debug|Any CPU
		{8EE09A50-E0FD-43C7-901C-F45F9A282C4F}.Release|Any CPU.ActiveCfg = Release|Any CPU
		{8EE09A50-E0FD-43C7-901C-F45F9A282C4F}.Release|Any CPU.Build.0 = Release|Any CPU
		{8EE09A50-E0FD-43C7-901C-F45F9A282C4F}.Release|x64.ActiveCfg = Release|Any CPU
		{8EE09A50-E0FD-43C7-901C-F45F9A282C4F}.Release|x64.Build.0 = Release|Any CPU
		{8EE09A50-E0FD-43C7-901C-F45F9A282C4F}.Release|x86.ActiveCfg = Release|Any CPU
		{8EE09A50-E0FD-43C7-901C-F45F9A282C4F}.Release|x86.Build.0 = Release|Any CPU
		{79348CC6-870B-45D7-B396-898D43259A88}.Debug|Any CPU.ActiveCfg = Debug|Any CPU
		{79348CC6-870B-45D7-B396-898D43259A88}.Debug|Any CPU.Build.0 = Debug|Any CPU
		{79348CC6-870B-45D7-B396-898D43259A88}.Debug|x64.ActiveCfg = Debug|Any CPU
		{79348CC6-870B-45D7-B396-898D43259A88}.Debug|x64.Build.0 = Debug|Any CPU
		{79348CC6-870B-45D7-B396-898D43259A88}.Debug|x86.ActiveCfg = Debug|Any CPU
		{79348CC6-870B-45D7-B396-898D43259A88}.Debug|x86.Build.0 = Debug|Any CPU
		{79348CC6-870B-45D7-B396-898D43259A88}.Release|Any CPU.ActiveCfg = Release|Any CPU
		{79348CC6-870B-45D7-B396-898D43259A88}.Release|Any CPU.Build.0 = Release|Any CPU
		{79348CC6-870B-45D7-B396-898D43259A88}.Release|x64.ActiveCfg = Release|Any CPU
		{79348CC6-870B-45D7-B396-898D43259A88}.Release|x64.Build.0 = Release|Any CPU
		{79348CC6-870B-45D7-B396-898D43259A88}.Release|x86.ActiveCfg = Release|Any CPU
		{79348CC6-870B-45D7-B396-898D43259A88}.Release|x86.Build.0 = Release|Any CPU
		{592B8937-21D8-4AE6-8997-86F067AA40D7}.Debug|Any CPU.ActiveCfg = Debug|Any CPU
		{592B8937-21D8-4AE6-8997-86F067AA40D7}.Debug|Any CPU.Build.0 = Debug|Any CPU
		{592B8937-21D8-4AE6-8997-86F067AA40D7}.Debug|x64.ActiveCfg = Debug|Any CPU
		{592B8937-21D8-4AE6-8997-86F067AA40D7}.Debug|x64.Build.0 = Debug|Any CPU
		{592B8937-21D8-4AE6-8997-86F067AA40D7}.Debug|x86.ActiveCfg = Debug|Any CPU
		{592B8937-21D8-4AE6-8997-86F067AA40D7}.Debug|x86.Build.0 = Debug|Any CPU
		{592B8937-21D8-4AE6-8997-86F067AA40D7}.Release|Any CPU.ActiveCfg = Release|Any CPU
		{592B8937-21D8-4AE6-8997-86F067AA40D7}.Release|Any CPU.Build.0 = Release|Any CPU
		{592B8937-21D8-4AE6-8997-86F067AA40D7}.Release|x64.ActiveCfg = Release|Any CPU
		{592B8937-21D8-4AE6-8997-86F067AA40D7}.Release|x64.Build.0 = Release|Any CPU
		{592B8937-21D8-4AE6-8997-86F067AA40D7}.Release|x86.ActiveCfg = Release|Any CPU
		{592B8937-21D8-4AE6-8997-86F067AA40D7}.Release|x86.Build.0 = Release|Any CPU
		{D3490AD9-D849-4C1A-A49B-7EB20368C8F9}.Debug|Any CPU.ActiveCfg = Debug|Any CPU
		{D3490AD9-D849-4C1A-A49B-7EB20368C8F9}.Debug|Any CPU.Build.0 = Debug|Any CPU
		{D3490AD9-D849-4C1A-A49B-7EB20368C8F9}.Debug|x64.ActiveCfg = Debug|Any CPU
		{D3490AD9-D849-4C1A-A49B-7EB20368C8F9}.Debug|x64.Build.0 = Debug|Any CPU
		{D3490AD9-D849-4C1A-A49B-7EB20368C8F9}.Debug|x86.ActiveCfg = Debug|Any CPU
		{D3490AD9-D849-4C1A-A49B-7EB20368C8F9}.Debug|x86.Build.0 = Debug|Any CPU
		{D3490AD9-D849-4C1A-A49B-7EB20368C8F9}.Release|Any CPU.ActiveCfg = Release|Any CPU
		{D3490AD9-D849-4C1A-A49B-7EB20368C8F9}.Release|Any CPU.Build.0 = Release|Any CPU
		{D3490AD9-D849-4C1A-A49B-7EB20368C8F9}.Release|x64.ActiveCfg = Release|Any CPU
		{D3490AD9-D849-4C1A-A49B-7EB20368C8F9}.Release|x64.Build.0 = Release|Any CPU
		{D3490AD9-D849-4C1A-A49B-7EB20368C8F9}.Release|x86.ActiveCfg = Release|Any CPU
		{D3490AD9-D849-4C1A-A49B-7EB20368C8F9}.Release|x86.Build.0 = Release|Any CPU
		{CBBA7FBB-4563-4E71-926A-3D92907F82E8}.Debug|Any CPU.ActiveCfg = Debug|Any CPU
		{CBBA7FBB-4563-4E71-926A-3D92907F82E8}.Debug|Any CPU.Build.0 = Debug|Any CPU
		{CBBA7FBB-4563-4E71-926A-3D92907F82E8}.Debug|x64.ActiveCfg = Debug|Any CPU
		{CBBA7FBB-4563-4E71-926A-3D92907F82E8}.Debug|x64.Build.0 = Debug|Any CPU
		{CBBA7FBB-4563-4E71-926A-3D92907F82E8}.Debug|x86.ActiveCfg = Debug|Any CPU
		{CBBA7FBB-4563-4E71-926A-3D92907F82E8}.Debug|x86.Build.0 = Debug|Any CPU
		{CBBA7FBB-4563-4E71-926A-3D92907F82E8}.Release|Any CPU.ActiveCfg = Release|Any CPU
		{CBBA7FBB-4563-4E71-926A-3D92907F82E8}.Release|Any CPU.Build.0 = Release|Any CPU
		{CBBA7FBB-4563-4E71-926A-3D92907F82E8}.Release|x64.ActiveCfg = Release|Any CPU
		{CBBA7FBB-4563-4E71-926A-3D92907F82E8}.Release|x64.Build.0 = Release|Any CPU
		{CBBA7FBB-4563-4E71-926A-3D92907F82E8}.Release|x86.ActiveCfg = Release|Any CPU
		{CBBA7FBB-4563-4E71-926A-3D92907F82E8}.Release|x86.Build.0 = Release|Any CPU
		{3AC26822-C03E-43FC-834C-9A6ACBB6B378}.Debug|Any CPU.ActiveCfg = Debug|Any CPU
		{3AC26822-C03E-43FC-834C-9A6ACBB6B378}.Debug|Any CPU.Build.0 = Debug|Any CPU
		{3AC26822-C03E-43FC-834C-9A6ACBB6B378}.Debug|x64.ActiveCfg = Debug|Any CPU
		{3AC26822-C03E-43FC-834C-9A6ACBB6B378}.Debug|x64.Build.0 = Debug|Any CPU
		{3AC26822-C03E-43FC-834C-9A6ACBB6B378}.Debug|x86.ActiveCfg = Debug|Any CPU
		{3AC26822-C03E-43FC-834C-9A6ACBB6B378}.Debug|x86.Build.0 = Debug|Any CPU
		{3AC26822-C03E-43FC-834C-9A6ACBB6B378}.Release|Any CPU.ActiveCfg = Release|Any CPU
		{3AC26822-C03E-43FC-834C-9A6ACBB6B378}.Release|Any CPU.Build.0 = Release|Any CPU
		{3AC26822-C03E-43FC-834C-9A6ACBB6B378}.Release|x64.ActiveCfg = Release|Any CPU
		{3AC26822-C03E-43FC-834C-9A6ACBB6B378}.Release|x64.Build.0 = Release|Any CPU
		{3AC26822-C03E-43FC-834C-9A6ACBB6B378}.Release|x86.ActiveCfg = Release|Any CPU
		{3AC26822-C03E-43FC-834C-9A6ACBB6B378}.Release|x86.Build.0 = Release|Any CPU
		{BA3222E9-4FC9-469B-8DDB-5BEA34E6EEA2}.Debug|Any CPU.ActiveCfg = Debug|Any CPU
		{BA3222E9-4FC9-469B-8DDB-5BEA34E6EEA2}.Debug|Any CPU.Build.0 = Debug|Any CPU
		{BA3222E9-4FC9-469B-8DDB-5BEA34E6EEA2}.Debug|x64.ActiveCfg = Debug|Any CPU
		{BA3222E9-4FC9-469B-8DDB-5BEA34E6EEA2}.Debug|x64.Build.0 = Debug|Any CPU
		{BA3222E9-4FC9-469B-8DDB-5BEA34E6EEA2}.Debug|x86.ActiveCfg = Debug|Any CPU
		{BA3222E9-4FC9-469B-8DDB-5BEA34E6EEA2}.Debug|x86.Build.0 = Debug|Any CPU
		{BA3222E9-4FC9-469B-8DDB-5BEA34E6EEA2}.Release|Any CPU.ActiveCfg = Release|Any CPU
		{BA3222E9-4FC9-469B-8DDB-5BEA34E6EEA2}.Release|Any CPU.Build.0 = Release|Any CPU
		{BA3222E9-4FC9-469B-8DDB-5BEA34E6EEA2}.Release|x64.ActiveCfg = Release|Any CPU
		{BA3222E9-4FC9-469B-8DDB-5BEA34E6EEA2}.Release|x64.Build.0 = Release|Any CPU
		{BA3222E9-4FC9-469B-8DDB-5BEA34E6EEA2}.Release|x86.ActiveCfg = Release|Any CPU
		{BA3222E9-4FC9-469B-8DDB-5BEA34E6EEA2}.Release|x86.Build.0 = Release|Any CPU
		{CFCA00C4-09B1-4A84-A7E8-3C793FC82F63}.Debug|Any CPU.ActiveCfg = Debug|Any CPU
		{CFCA00C4-09B1-4A84-A7E8-3C793FC82F63}.Debug|Any CPU.Build.0 = Debug|Any CPU
		{CFCA00C4-09B1-4A84-A7E8-3C793FC82F63}.Debug|x64.ActiveCfg = Debug|Any CPU
		{CFCA00C4-09B1-4A84-A7E8-3C793FC82F63}.Debug|x64.Build.0 = Debug|Any CPU
		{CFCA00C4-09B1-4A84-A7E8-3C793FC82F63}.Debug|x86.ActiveCfg = Debug|Any CPU
		{CFCA00C4-09B1-4A84-A7E8-3C793FC82F63}.Debug|x86.Build.0 = Debug|Any CPU
		{CFCA00C4-09B1-4A84-A7E8-3C793FC82F63}.Release|Any CPU.ActiveCfg = Release|Any CPU
		{CFCA00C4-09B1-4A84-A7E8-3C793FC82F63}.Release|Any CPU.Build.0 = Release|Any CPU
		{CFCA00C4-09B1-4A84-A7E8-3C793FC82F63}.Release|x64.ActiveCfg = Release|Any CPU
		{CFCA00C4-09B1-4A84-A7E8-3C793FC82F63}.Release|x64.Build.0 = Release|Any CPU
		{CFCA00C4-09B1-4A84-A7E8-3C793FC82F63}.Release|x86.ActiveCfg = Release|Any CPU
		{CFCA00C4-09B1-4A84-A7E8-3C793FC82F63}.Release|x86.Build.0 = Release|Any CPU
		{409D3A62-6761-4305-B3E1-D9EC6384A2F2}.Debug|Any CPU.ActiveCfg = Debug|Any CPU
		{409D3A62-6761-4305-B3E1-D9EC6384A2F2}.Debug|Any CPU.Build.0 = Debug|Any CPU
		{409D3A62-6761-4305-B3E1-D9EC6384A2F2}.Debug|x64.ActiveCfg = Debug|Any CPU
		{409D3A62-6761-4305-B3E1-D9EC6384A2F2}.Debug|x64.Build.0 = Debug|Any CPU
		{409D3A62-6761-4305-B3E1-D9EC6384A2F2}.Debug|x86.ActiveCfg = Debug|Any CPU
		{409D3A62-6761-4305-B3E1-D9EC6384A2F2}.Debug|x86.Build.0 = Debug|Any CPU
		{409D3A62-6761-4305-B3E1-D9EC6384A2F2}.Release|Any CPU.ActiveCfg = Release|Any CPU
		{409D3A62-6761-4305-B3E1-D9EC6384A2F2}.Release|Any CPU.Build.0 = Release|Any CPU
		{409D3A62-6761-4305-B3E1-D9EC6384A2F2}.Release|x64.ActiveCfg = Release|Any CPU
		{409D3A62-6761-4305-B3E1-D9EC6384A2F2}.Release|x64.Build.0 = Release|Any CPU
		{409D3A62-6761-4305-B3E1-D9EC6384A2F2}.Release|x86.ActiveCfg = Release|Any CPU
		{409D3A62-6761-4305-B3E1-D9EC6384A2F2}.Release|x86.Build.0 = Release|Any CPU
		{65DD894A-D9E7-4A14-9992-A05472F30D21}.Debug|Any CPU.ActiveCfg = Debug|Any CPU
		{65DD894A-D9E7-4A14-9992-A05472F30D21}.Debug|Any CPU.Build.0 = Debug|Any CPU
		{65DD894A-D9E7-4A14-9992-A05472F30D21}.Debug|x64.ActiveCfg = Debug|Any CPU
		{65DD894A-D9E7-4A14-9992-A05472F30D21}.Debug|x64.Build.0 = Debug|Any CPU
		{65DD894A-D9E7-4A14-9992-A05472F30D21}.Debug|x86.ActiveCfg = Debug|Any CPU
		{65DD894A-D9E7-4A14-9992-A05472F30D21}.Debug|x86.Build.0 = Debug|Any CPU
		{65DD894A-D9E7-4A14-9992-A05472F30D21}.Release|Any CPU.ActiveCfg = Release|Any CPU
		{65DD894A-D9E7-4A14-9992-A05472F30D21}.Release|Any CPU.Build.0 = Release|Any CPU
		{65DD894A-D9E7-4A14-9992-A05472F30D21}.Release|x64.ActiveCfg = Release|Any CPU
		{65DD894A-D9E7-4A14-9992-A05472F30D21}.Release|x64.Build.0 = Release|Any CPU
		{65DD894A-D9E7-4A14-9992-A05472F30D21}.Release|x86.ActiveCfg = Release|Any CPU
		{65DD894A-D9E7-4A14-9992-A05472F30D21}.Release|x86.Build.0 = Release|Any CPU
	EndGlobalSection
	GlobalSection(SolutionProperties) = preSolution
		HideSolutionNode = FALSE
	EndGlobalSection
	GlobalSection(NestedProjects) = preSolution
		{981C2CF6-E5BB-602A-511C-234B538302B0} = {827E0CD3-B72D-47B6-A68D-7590B98EB39B}
		{10039E8F-A77B-49AA-AFD4-4D9924C98D11} = {981C2CF6-E5BB-602A-511C-234B538302B0}
		{11DBD7C6-BDF5-4253-9B02-615752D3EAC9} = {981C2CF6-E5BB-602A-511C-234B538302B0}
		{1D7DB290-010C-D4C6-704A-0A67A90B49F3} = {827E0CD3-B72D-47B6-A68D-7590B98EB39B}
		{00A3767A-EC33-4752-AF3C-E607D53D2591} = {1D7DB290-010C-D4C6-704A-0A67A90B49F3}
		{FC49A54C-CC53-469C-934A-A93958CECA04} = {1D7DB290-010C-D4C6-704A-0A67A90B49F3}
		{8EE09A50-E0FD-43C7-901C-F45F9A282C4F} = {1D7DB290-010C-D4C6-704A-0A67A90B49F3}
		{79348CC6-870B-45D7-B396-898D43259A88} = {1D7DB290-010C-D4C6-704A-0A67A90B49F3}
		{592B8937-21D8-4AE6-8997-86F067AA40D7} = {1D7DB290-010C-D4C6-704A-0A67A90B49F3}
		{D3490AD9-D849-4C1A-A49B-7EB20368C8F9} = {1D7DB290-010C-D4C6-704A-0A67A90B49F3}
		{CBBA7FBB-4563-4E71-926A-3D92907F82E8} = {1D7DB290-010C-D4C6-704A-0A67A90B49F3}
		{3AC26822-C03E-43FC-834C-9A6ACBB6B378} = {1D7DB290-010C-D4C6-704A-0A67A90B49F3}
		{ABDFCEDE-61EE-DA95-EF82-3806A8CA2983} = {827E0CD3-B72D-47B6-A68D-7590B98EB39B}
		{B11390B1-C489-9B8F-C9B1-D8AA5079857B} = {0AB3BF05-4346-4AA6-1389-037BE0695223}
		{BA3222E9-4FC9-469B-8DDB-5BEA34E6EEA2} = {B11390B1-C489-9B8F-C9B1-D8AA5079857B}
		{CFCA00C4-09B1-4A84-A7E8-3C793FC82F63} = {B11390B1-C489-9B8F-C9B1-D8AA5079857B}
		{409D3A62-6761-4305-B3E1-D9EC6384A2F2} = {ABDFCEDE-61EE-DA95-EF82-3806A8CA2983}
		{65DD894A-D9E7-4A14-9992-A05472F30D21} = {ABDFCEDE-61EE-DA95-EF82-3806A8CA2983}
	EndGlobalSection
EndGlobal
